
Microsoft Visual Studio Solution File, Format Version 11.00
# Visual Studio 2010
Project("{FAE04EC0-301F-11D3-BF4B-00C04F79EFBC}") = "CustomMaps", "CustomMaps\CustomMaps.csproj", "{E099821E-2C3E-4B7B-980E-43E99CA752F5}"
EndProject
Project("{FAE04EC0-301F-11D3-BF4B-00C04F79EFBC}") = "CustomMapLibrary", "CustomMapLibrary\CustomMapLibrary.csproj", "{EF5E0B96-9218-4CED-9A68-DC2F9339A2E5}"
EndProject
Global
	GlobalSection(SolutionConfigurationPlatforms) = preSolution
		Debug|Any CPU = Debug|Any CPU
		Release|Any CPU = Release|Any CPU
	EndGlobalSection
	GlobalSection(ProjectConfigurationPlatforms) = postSolution
		{E099821E-2C3E-4B7B-980E-43E99CA752F5}.Debug|Any CPU.ActiveCfg = Debug|Any CPU
		{E099821E-2C3E-4B7B-980E-43E99CA752F5}.Debug|Any CPU.Build.0 = Debug|Any CPU
		{E099821E-2C3E-4B7B-980E-43E99CA752F5}.Debug|Any CPU.Deploy.0 = Debug|Any CPU
		{E099821E-2C3E-4B7B-980E-43E99CA752F5}.Release|Any CPU.ActiveCfg = Release|Any CPU
		{E099821E-2C3E-4B7B-980E-43E99CA752F5}.Release|Any CPU.Build.0 = Release|Any CPU
		{E099821E-2C3E-4B7B-980E-43E99CA752F5}.Release|Any CPU.Deploy.0 = Release|Any CPU
		{EF5E0B96-9218-4CED-9A68-DC2F9339A2E5}.Debug|Any CPU.ActiveCfg = Debug|Any CPU
		{EF5E0B96-9218-4CED-9A68-DC2F9339A2E5}.Debug|Any CPU.Build.0 = Debug|Any CPU
		{EF5E0B96-9218-4CED-9A68-DC2F9339A2E5}.Release|Any CPU.ActiveCfg = Release|Any CPU
		{EF5E0B96-9218-4CED-9A68-DC2F9339A2E5}.Release|Any CPU.Build.0 = Release|Any CPU
	EndGlobalSection
	GlobalSection(SolutionProperties) = preSolution
		HideSolutionNode = FALSE
	EndGlobalSection
EndGlobal
